// !$*UTF8*$!
{
	archiveVersion = 1;
	classes = {
	};
	objectVersion = 50;
	objects = {

/* Begin PBXBuildFile section */
		F670128F24B2AB5A00D67B0B /* AppDelegate.swift in Sources */ = {isa = PBXBuildFile; fileRef = F670128E24B2AB5A00D67B0B /* AppDelegate.swift */; };
		F670129324B2AB5A00D67B0B /* ViewController.swift in Sources */ = {isa = PBXBuildFile; fileRef = F670129224B2AB5A00D67B0B /* ViewController.swift */; };
		F670129624B2AB5A00D67B0B /* Main.storyboard in Resources */ = {isa = PBXBuildFile; fileRef = F670129424B2AB5A00D67B0B /* Main.storyboard */; };
		F670129824B2AB5D00D67B0B /* Assets.xcassets in Resources */ = {isa = PBXBuildFile; fileRef = F670129724B2AB5D00D67B0B /* Assets.xcassets */; };
		F670129B24B2AB5D00D67B0B /* LaunchScreen.storyboard in Resources */ = {isa = PBXBuildFile; fileRef = F670129924B2AB5D00D67B0B /* LaunchScreen.storyboard */; };
		F67012A624B2AB5E00D67B0B /* attachInScrollViewTests.swift in Sources */ = {isa = PBXBuildFile; fileRef = F67012A524B2AB5E00D67B0B /* attachInScrollViewTests.swift */; };
		F67012B124B2AB5E00D67B0B /* attachInScrollViewUITests.swift in Sources */ = {isa = PBXBuildFile; fileRef = F67012B024B2AB5E00D67B0B /* attachInScrollViewUITests.swift */; };
/* End PBXBuildFile section */

/* Begin PBXContainerItemProxy section */
		F67012A224B2AB5E00D67B0B /* PBXContainerItemProxy */ = {
			isa = PBXContainerItemProxy;
			containerPortal = F670128324B2AB5A00D67B0B /* Project object */;
			proxyType = 1;
			remoteGlobalIDString = F670128A24B2AB5A00D67B0B;
			remoteInfo = attachInScrollView;
		};
		F67012AD24B2AB5E00D67B0B /* PBXContainerItemProxy */ = {
			isa = PBXContainerItemProxy;
			containerPortal = F670128324B2AB5A00D67B0B /* Project object */;
			proxyType = 1;
			remoteGlobalIDString = F670128A24B2AB5A00D67B0B;
			remoteInfo = attachInScrollView;
		};
/* End PBXContainerItemProxy section */

/* Begin PBXFileReference section */
		F670128B24B2AB5A00D67B0B /* iosth.app */ = {isa = PBXFileReference; explicitFileType = wrapper.application; includeInIndex = 0; path = iosth.app; sourceTree = BUILT_PRODUCTS_DIR; };
		F670128E24B2AB5A00D67B0B /* AppDelegate.swift */ = {isa = PBXFileReference; lastKnownFileType = sourcecode.swift; path = AppDelegate.swift; sourceTree = "<group>"; };
		F670129224B2AB5A00D67B0B /* ViewController.swift */ = {isa = PBXFileReference; lastKnownFileType = sourcecode.swift; path = ViewController.swift; sourceTree = "<group>"; };
		F670129524B2AB5A00D67B0B /* Base */ = {isa = PBXFileReference; lastKnownFileType = file.storyboard; name = Base; path = Base.lproj/Main.storyboard; sourceTree = "<group>"; };
		F670129724B2AB5D00D67B0B /* Assets.xcassets */ = {isa = PBXFileReference; lastKnownFileType = folder.assetcatalog; path = Assets.xcassets; sourceTree = "<group>"; };
		F670129A24B2AB5D00D67B0B /* Base */ = {isa = PBXFileReference; lastKnownFileType = file.storyboard; name = Base; path = Base.lproj/LaunchScreen.storyboard; sourceTree = "<group>"; };
		F670129C24B2AB5D00D67B0B /* Info.plist */ = {isa = PBXFileReference; lastKnownFileType = text.plist.xml; path = Info.plist; sourceTree = "<group>"; };
		F67012A124B2AB5E00D67B0B /* attachInScrollViewTests.xctest */ = {isa = PBXFileReference; explicitFileType = wrapper.cfbundle; includeInIndex = 0; path = attachInScrollViewTests.xctest; sourceTree = BUILT_PRODUCTS_DIR; };
		F67012A524B2AB5E00D67B0B /* attachInScrollViewTests.swift */ = {isa = PBXFileReference; lastKnownFileType = sourcecode.swift; path = attachInScrollViewTests.swift; sourceTree = "<group>"; };
		F67012A724B2AB5E00D67B0B /* Info.plist */ = {isa = PBXFileReference; lastKnownFileType = text.plist.xml; path = Info.plist; sourceTree = "<group>"; };
		F67012AC24B2AB5E00D67B0B /* attachInScrollViewUITests.xctest */ = {isa = PBXFileReference; explicitFileType = wrapper.cfbundle; includeInIndex = 0; path = attachInScrollViewUITests.xctest; sourceTree = BUILT_PRODUCTS_DIR; };
		F67012B024B2AB5E00D67B0B /* attachInScrollViewUITests.swift */ = {isa = PBXFileReference; lastKnownFileType = sourcecode.swift; path = attachInScrollViewUITests.swift; sourceTree = "<group>"; };
		F67012B224B2AB5E00D67B0B /* Info.plist */ = {isa = PBXFileReference; lastKnownFileType = text.plist.xml; path = Info.plist; sourceTree = "<group>"; };
/* End PBXFileReference section */

/* Begin PBXFrameworksBuildPhase section */
		F670128824B2AB5A00D67B0B /* Frameworks */ = {
			isa = PBXFrameworksBuildPhase;
			buildActionMask = 2147483647;
			files = (
			);
			runOnlyForDeploymentPostprocessing = 0;
		};
		F670129E24B2AB5E00D67B0B /* Frameworks */ = {
			isa = PBXFrameworksBuildPhase;
			buildActionMask = 2147483647;
			files = (
			);
			runOnlyForDeploymentPostprocessing = 0;
		};
		F67012A924B2AB5E00D67B0B /* Frameworks */ = {
			isa = PBXFrameworksBuildPhase;
			buildActionMask = 2147483647;
			files = (
			);
			runOnlyForDeploymentPostprocessing = 0;
		};
/* End PBXFrameworksBuildPhase section */

/* Begin PBXGroup section */
		F670128224B2AB5A00D67B0B = {
			isa = PBXGroup;
			children = (
				F670128D24B2AB5A00D67B0B /* attachInScrollView */,
				F67012A424B2AB5E00D67B0B /* attachInScrollViewTests */,
				F67012AF24B2AB5E00D67B0B /* attachInScrollViewUITests */,
				F670128C24B2AB5A00D67B0B /* Products */,
			);
			sourceTree = "<group>";
		};
		F670128C24B2AB5A00D67B0B /* Products */ = {
			isa = PBXGroup;
			children = (
				F670128B24B2AB5A00D67B0B /* iosth.app */,
				F67012A124B2AB5E00D67B0B /* attachInScrollViewTests.xctest */,
				F67012AC24B2AB5E00D67B0B /* attachInScrollViewUITests.xctest */,
			);
			name = Products;
			sourceTree = "<group>";
		};
		F670128D24B2AB5A00D67B0B /* attachInScrollView */ = {
			isa = PBXGroup;
			children = (
				F670128E24B2AB5A00D67B0B /* AppDelegate.swift */,
				F670129224B2AB5A00D67B0B /* ViewController.swift */,
				F670129424B2AB5A00D67B0B /* Main.storyboard */,
				F670129724B2AB5D00D67B0B /* Assets.xcassets */,
				F670129924B2AB5D00D67B0B /* LaunchScreen.storyboard */,
				F670129C24B2AB5D00D67B0B /* Info.plist */,
			);
			path = attachInScrollView;
			sourceTree = "<group>";
		};
		F67012A424B2AB5E00D67B0B /* attachInScrollViewTests */ = {
			isa = PBXGroup;
			children = (
				F67012A524B2AB5E00D67B0B /* attachInScrollViewTests.swift */,
				F67012A724B2AB5E00D67B0B /* Info.plist */,
			);
			path = attachInScrollViewTests;
			sourceTree = "<group>";
		};
		F67012AF24B2AB5E00D67B0B /* attachInScrollViewUITests */ = {
			isa = PBXGroup;
			children = (
				F67012B024B2AB5E00D67B0B /* attachInScrollViewUITests.swift */,
				F67012B224B2AB5E00D67B0B /* Info.plist */,
			);
			path = attachInScrollViewUITests;
			sourceTree = "<group>";
		};
/* End PBXGroup section */

/* Begin PBXNativeTarget section */
		F670128A24B2AB5A00D67B0B /* attachInScrollView */ = {
			isa = PBXNativeTarget;
			buildConfigurationList = F67012B524B2AB5E00D67B0B /* Build configuration list for PBXNativeTarget "attachInScrollView" */;
			buildPhases = (
				F670128724B2AB5A00D67B0B /* Sources */,
				F670128824B2AB5A00D67B0B /* Frameworks */,
				F670128924B2AB5A00D67B0B /* Resources */,
			);
			buildRules = (
			);
			dependencies = (
			);
			name = attachInScrollView;
			productName = attachInScrollView;
			productReference = F670128B24B2AB5A00D67B0B /* iosth.app */;
			productType = "com.apple.product-type.application";
		};
		F67012A024B2AB5E00D67B0B /* attachInScrollViewTests */ = {
			isa = PBXNativeTarget;
			buildConfigurationList = F67012B824B2AB5E00D67B0B /* Build configuration list for PBXNativeTarget "attachInScrollViewTests" */;
			buildPhases = (
				F670129D24B2AB5E00D67B0B /* Sources */,
				F670129E24B2AB5E00D67B0B /* Frameworks */,
				F670129F24B2AB5E00D67B0B /* Resources */,
			);
			buildRules = (
			);
			dependencies = (
				F67012A324B2AB5E00D67B0B /* PBXTargetDependency */,
			);
			name = attachInScrollViewTests;
			productName = attachInScrollViewTests;
			productReference = F67012A124B2AB5E00D67B0B /* attachInScrollViewTests.xctest */;
			productType = "com.apple.product-type.bundle.unit-test";
		};
		F67012AB24B2AB5E00D67B0B /* attachInScrollViewUITests */ = {
			isa = PBXNativeTarget;
			buildConfigurationList = F67012BB24B2AB5E00D67B0B /* Build configuration list for PBXNativeTarget "attachInScrollViewUITests" */;
			buildPhases = (
				F67012A824B2AB5E00D67B0B /* Sources */,
				F67012A924B2AB5E00D67B0B /* Frameworks */,
				F67012AA24B2AB5E00D67B0B /* Resources */,
			);
			buildRules = (
			);
			dependencies = (
				F67012AE24B2AB5E00D67B0B /* PBXTargetDependency */,
			);
			name = attachInScrollViewUITests;
			productName = attachInScrollViewUITests;
			productReference = F67012AC24B2AB5E00D67B0B /* attachInScrollViewUITests.xctest */;
			productType = "com.apple.product-type.bundle.ui-testing";
		};
/* End PBXNativeTarget section */

/* Begin PBXProject section */
		F670128324B2AB5A00D67B0B /* Project object */ = {
			isa = PBXProject;
			attributes = {
				LastSwiftUpdateCheck = 1150;
				LastUpgradeCheck = 1150;
				ORGANIZATIONNAME = Touch;
				TargetAttributes = {
					F670128A24B2AB5A00D67B0B = {
						CreatedOnToolsVersion = 11.5;
					};
					F67012A024B2AB5E00D67B0B = {
						CreatedOnToolsVersion = 11.5;
						TestTargetID = F670128A24B2AB5A00D67B0B;
					};
					F67012AB24B2AB5E00D67B0B = {
						CreatedOnToolsVersion = 11.5;
						TestTargetID = F670128A24B2AB5A00D67B0B;
					};
				};
			};
			buildConfigurationList = F670128624B2AB5A00D67B0B /* Build configuration list for PBXProject "attachInScrollView" */;
			compatibilityVersion = "Xcode 9.3";
			developmentRegion = en;
			hasScannedForEncodings = 0;
			knownRegions = (
				en,
				Base,
			);
			mainGroup = F670128224B2AB5A00D67B0B;
			productRefGroup = F670128C24B2AB5A00D67B0B /* Products */;
			projectDirPath = "";
			projectRoot = "";
			targets = (
				F670128A24B2AB5A00D67B0B /* attachInScrollView */,
				F67012A024B2AB5E00D67B0B /* attachInScrollViewTests */,
				F67012AB24B2AB5E00D67B0B /* attachInScrollViewUITests */,
			);
		};
/* End PBXProject section */

/* Begin PBXResourcesBuildPhase section */
		F670128924B2AB5A00D67B0B /* Resources */ = {
			isa = PBXResourcesBuildPhase;
			buildActionMask = 2147483647;
			files = (
				F670129B24B2AB5D00D67B0B /* LaunchScreen.storyboard in Resources */,
				F670129824B2AB5D00D67B0B /* Assets.xcassets in Resources */,
				F670129624B2AB5A00D67B0B /* Main.storyboard in Resources */,
			);
			runOnlyForDeploymentPostprocessing = 0;
		};
		F670129F24B2AB5E00D67B0B /* Resources */ = {
			isa = PBXResourcesBuildPhase;
			buildActionMask = 2147483647;
			files = (
			);
			runOnlyForDeploymentPostprocessing = 0;
		};
		F67012AA24B2AB5E00D67B0B /* Resources */ = {
			isa = PBXResourcesBuildPhase;
			buildActionMask = 2147483647;
			files = (
			);
			runOnlyForDeploymentPostprocessing = 0;
		};
/* End PBXResourcesBuildPhase section */

/* Begin PBXSourcesBuildPhase section */
		F670128724B2AB5A00D67B0B /* Sources */ = {
			isa = PBXSourcesBuildPhase;
			buildActionMask = 2147483647;
			files = (
				F670129324B2AB5A00D67B0B /* ViewController.swift in Sources */,
				F670128F24B2AB5A00D67B0B /* AppDelegate.swift in Sources */,
			);
			runOnlyForDeploymentPostprocessing = 0;
		};
		F670129D24B2AB5E00D67B0B /* Sources */ = {
			isa = PBXSourcesBuildPhase;
			buildActionMask = 2147483647;
			files = (
				F67012A624B2AB5E00D67B0B /* attachInScrollViewTests.swift in Sources */,
			);
			runOnlyForDeploymentPostprocessing = 0;
		};
		F67012A824B2AB5E00D67B0B /* Sources */ = {
			isa = PBXSourcesBuildPhase;
			buildActionMask = 2147483647;
			files = (
				F67012B124B2AB5E00D67B0B /* attachInScrollViewUITests.swift in Sources */,
			);
			runOnlyForDeploymentPostprocessing = 0;
		};
/* End PBXSourcesBuildPhase section */

/* Begin PBXTargetDependency section */
		F67012A324B2AB5E00D67B0B /* PBXTargetDependency */ = {
			isa = PBXTargetDependency;
			target = F670128A24B2AB5A00D67B0B /* attachInScrollView */;
			targetProxy = F67012A224B2AB5E00D67B0B /* PBXContainerItemProxy */;
		};
		F67012AE24B2AB5E00D67B0B /* PBXTargetDependency */ = {
			isa = PBXTargetDependency;
			target = F670128A24B2AB5A00D67B0B /* attachInScrollView */;
			targetProxy = F67012AD24B2AB5E00D67B0B /* PBXContainerItemProxy */;
		};
/* End PBXTargetDependency section */

/* Begin PBXVariantGroup section */
		F670129424B2AB5A00D67B0B /* Main.storyboard */ = {
			isa = PBXVariantGroup;
			children = (
				F670129524B2AB5A00D67B0B /* Base */,
			);
			name = Main.storyboard;
			sourceTree = "<group>";
		};
		F670129924B2AB5D00D67B0B /* LaunchScreen.storyboard */ = {
			isa = PBXVariantGroup;
			children = (
				F670129A24B2AB5D00D67B0B /* Base */,
			);
			name = LaunchScreen.storyboard;
			sourceTree = "<group>";
		};
/* End PBXVariantGroup section */

/* Begin XCBuildConfiguration section */
		F67012B324B2AB5E00D67B0B /* Debug */ = {
			isa = XCBuildConfiguration;
			buildSettings = {
				ALWAYS_SEARCH_USER_PATHS = NO;
				CLANG_ANALYZER_NONNULL = YES;
				CLANG_ANALYZER_NUMBER_OBJECT_CONVERSION = YES_AGGRESSIVE;
				CLANG_CXX_LANGUAGE_STANDARD = "gnu++14";
				CLANG_CXX_LIBRARY = "libc++";
				CLANG_ENABLE_MODULES = YES;
				CLANG_ENABLE_OBJC_ARC = YES;
				CLANG_ENABLE_OBJC_WEAK = YES;
				CLANG_WARN_BLOCK_CAPTURE_AUTORELEASING = YES;
				CLANG_WARN_BOOL_CONVERSION = YES;
				CLANG_WARN_COMMA = YES;
				CLANG_WARN_CONSTANT_CONVERSION = YES;
				CLANG_WARN_DEPRECATED_OBJC_IMPLEMENTATIONS = YES;
				CLANG_WARN_DIRECT_OBJC_ISA_USAGE = YES_ERROR;
				CLANG_WARN_DOCUMENTATION_COMMENTS = YES;
				CLANG_WARN_EMPTY_BODY = YES;
				CLANG_WARN_ENUM_CONVERSION = YES;
				CLANG_WARN_INFINITE_RECURSION = YES;
				CLANG_WARN_INT_CONVERSION = YES;
				CLANG_WARN_NON_LITERAL_NULL_CONVERSION = YES;
				CLANG_WARN_OBJC_IMPLICIT_RETAIN_SELF = YES;
				CLANG_WARN_OBJC_LITERAL_CONVERSION = YES;
				CLANG_WARN_OBJC_ROOT_CLASS = YES_ERROR;
				CLANG_WARN_RANGE_LOOP_ANALYSIS = YES;
				CLANG_WARN_STRICT_PROTOTYPES = YES;
				CLANG_WARN_SUSPICIOUS_MOVE = YES;
				CLANG_WARN_UNGUARDED_AVAILABILITY = YES_AGGRESSIVE;
				CLANG_WARN_UNREACHABLE_CODE = YES;
				CLANG_WARN__DUPLICATE_METHOD_MATCH = YES;
				COPY_PHASE_STRIP = NO;
				DEBUG_INFORMATION_FORMAT = dwarf;
				ENABLE_STRICT_OBJC_MSGSEND = YES;
				ENABLE_TESTABILITY = YES;
				GCC_C_LANGUAGE_STANDARD = gnu11;
				GCC_DYNAMIC_NO_PIC = NO;
				GCC_NO_COMMON_BLOCKS = YES;
				GCC_OPTIMIZATION_LEVEL = 0;
				GCC_PREPROCESSOR_DEFINITIONS = (
					"DEBUG=1",
					"$(inherited)",
				);
				GCC_WARN_64_TO_32_BIT_CONVERSION = YES;
				GCC_WARN_ABOUT_RETURN_TYPE = YES_ERROR;
				GCC_WARN_UNDECLARED_SELECTOR = YES;
				GCC_WARN_UNINITIALIZED_AUTOS = YES_AGGRESSIVE;
				GCC_WARN_UNUSED_FUNCTION = YES;
				GCC_WARN_UNUSED_VARIABLE = YES;
				IPHONEOS_DEPLOYMENT_TARGET = 13.5;
				MTL_ENABLE_DEBUG_INFO = INCLUDE_SOURCE;
				MTL_FAST_MATH = YES;
				ONLY_ACTIVE_ARCH = YES;
				SDKROOT = iphoneos;
				SWIFT_ACTIVE_COMPILATION_CONDITIONS = DEBUG;
				SWIFT_OPTIMIZATION_LEVEL = "-Onone";
			};
			name = Debug;
		};
		F67012B424B2AB5E00D67B0B /* Release */ = {
			isa = XCBuildConfiguration;
			buildSettings = {
				ALWAYS_SEARCH_USER_PATHS = NO;
				CLANG_ANALYZER_NONNULL = YES;
				CLANG_ANALYZER_NUMBER_OBJECT_CONVERSION = YES_AGGRESSIVE;
				CLANG_CXX_LANGUAGE_STANDARD = "gnu++14";
				CLANG_CXX_LIBRARY = "libc++";
				CLANG_ENABLE_MODULES = YES;
				CLANG_ENABLE_OBJC_ARC = YES;
				CLANG_ENABLE_OBJC_WEAK = YES;
				CLANG_WARN_BLOCK_CAPTURE_AUTORELEASING = YES;
				CLANG_WARN_BOOL_CONVERSION = YES;
				CLANG_WARN_COMMA = YES;
				CLANG_WARN_CONSTANT_CONVERSION = YES;
				CLANG_WARN_DEPRECATED_OBJC_IMPLEMENTATIONS = YES;
				CLANG_WARN_DIRECT_OBJC_ISA_USAGE = YES_ERROR;
				CLANG_WARN_DOCUMENTATION_COMMENTS = YES;
				CLANG_WARN_EMPTY_BODY = YES;
				CLANG_WARN_ENUM_CONVERSION = YES;
				CLANG_WARN_INFINITE_RECURSION = YES;
				CLANG_WARN_INT_CONVERSION = YES;
				CLANG_WARN_NON_LITERAL_NULL_CONVERSION = YES;
				CLANG_WARN_OBJC_IMPLICIT_RETAIN_SELF = YES;
				CLANG_WARN_OBJC_LITERAL_CONVERSION = YES;
				CLANG_WARN_OBJC_ROOT_CLASS = YES_ERROR;
				CLANG_WARN_RANGE_LOOP_ANALYSIS = YES;
				CLANG_WARN_STRICT_PROTOTYPES = YES;
				CLANG_WARN_SUSPICIOUS_MOVE = YES;
				CLANG_WARN_UNGUARDED_AVAILABILITY = YES_AGGRESSIVE;
				CLANG_WARN_UNREACHABLE_CODE = YES;
				CLANG_WARN__DUPLICATE_METHOD_MATCH = YES;
				COPY_PHASE_STRIP = NO;
				DEBUG_INFORMATION_FORMAT = "dwarf-with-dsym";
				ENABLE_NS_ASSERTIONS = NO;
				ENABLE_STRICT_OBJC_MSGSEND = YES;
				GCC_C_LANGUAGE_STANDARD = gnu11;
				GCC_NO_COMMON_BLOCKS = YES;
				GCC_WARN_64_TO_32_BIT_CONVERSION = YES;
				GCC_WARN_ABOUT_RETURN_TYPE = YES_ERROR;
				GCC_WARN_UNDECLARED_SELECTOR = YES;
				GCC_WARN_UNINITIALIZED_AUTOS = YES_AGGRESSIVE;
				GCC_WARN_UNUSED_FUNCTION = YES;
				GCC_WARN_UNUSED_VARIABLE = YES;
				IPHONEOS_DEPLOYMENT_TARGET = 13.5;
				MTL_ENABLE_DEBUG_INFO = NO;
				MTL_FAST_MATH = YES;
				SDKROOT = iphoneos;
				SWIFT_COMPILATION_MODE = wholemodule;
				SWIFT_OPTIMIZATION_LEVEL = "-O";
				VALIDATE_PRODUCT = YES;
			};
			name = Release;
		};
		F67012B624B2AB5E00D67B0B /* Debug */ = {
			isa = XCBuildConfiguration;
			buildSettings = {
				ASSETCATALOG_COMPILER_APPICON_NAME = AppIcon;
				CODE_SIGN_STYLE = Automatic;
				DEVELOPMENT_TEAM = X57YAVJ4F7;
				INFOPLIST_FILE = attachInScrollView/Info.plist;
				IPHONEOS_DEPLOYMENT_TARGET = 9.0;
				LD_RUNPATH_SEARCH_PATHS = (
					"$(inherited)",
					"@executable_path/Frameworks",
				);
				PRODUCT_BUNDLE_IDENTIFIER = iosth;
				PRODUCT_NAME = iosth;
				SWIFT_VERSION = 5.0;
				TARGETED_DEVICE_FAMILY = 1;
			};
			name = Debug;
		};
		F67012B724B2AB5E00D67B0B /* Release */ = {
			isa = XCBuildConfiguration;
			buildSettings = {
				ASSETCATALOG_COMPILER_APPICON_NAME = AppIcon;
				CODE_SIGN_STYLE = Automatic;
				DEVELOPMENT_TEAM = X57YAVJ4F7;
				INFOPLIST_FILE = attachInScrollView/Info.plist;
				IPHONEOS_DEPLOYMENT_TARGET = 9.0;
				LD_RUNPATH_SEARCH_PATHS = (
					"$(inherited)",
					"@executable_path/Frameworks",
				);
				PRODUCT_BUNDLE_IDENTIFIER = iosth;
				PRODUCT_NAME = iosth;
				SWIFT_VERSION = 5.0;
				TARGETED_DEVICE_FAMILY = 1;
			};
			name = Release;
		};
		F67012B924B2AB5E00D67B0B /* Debug */ = {
			isa = XCBuildConfiguration;
			buildSettings = {
				ALWAYS_EMBED_SWIFT_STANDARD_LIBRARIES = YES;
				BUNDLE_LOADER = "$(TEST_HOST)";
				CODE_SIGN_STYLE = Automatic;
				INFOPLIST_FILE = attachInScrollViewTests/Info.plist;
				IPHONEOS_DEPLOYMENT_TARGET = 13.5;
				LD_RUNPATH_SEARCH_PATHS = (
					"$(inherited)",
					"@executable_path/Frameworks",
					"@loader_path/Frameworks",
				);
				PRODUCT_BUNDLE_IDENTIFIER = iosth.attachInScrollViewTests;
				PRODUCT_NAME = "$(TARGET_NAME)";
				SWIFT_VERSION = 5.0;
				TARGETED_DEVICE_FAMILY = "1,2";
				TEST_HOST = "$(BUILT_PRODUCTS_DIR)/attachInScrollView.app/attachInScrollView";
			};
			name = Debug;
		};
		F67012BA24B2AB5E00D67B0B /* Release */ = {
			isa = XCBuildConfiguration;
			buildSettings = {
				ALWAYS_EMBED_SWIFT_STANDARD_LIBRARIES = YES;
				BUNDLE_LOADER = "$(TEST_HOST)";
				CODE_SIGN_STYLE = Automatic;
				INFOPLIST_FILE = attachInScrollViewTests/Info.plist;
				IPHONEOS_DEPLOYMENT_TARGET = 13.5;
				LD_RUNPATH_SEARCH_PATHS = (
					"$(inherited)",
					"@executable_path/Frameworks",
					"@loader_path/Frameworks",
				);
				PRODUCT_BUNDLE_IDENTIFIER = iosth.attachInScrollViewTests;
				PRODUCT_NAME = "$(TARGET_NAME)";
				SWIFT_VERSION = 5.0;
				TARGETED_DEVICE_FAMILY = "1,2";
				TEST_HOST = "$(BUILT_PRODUCTS_DIR)/attachInScrollView.app/attachInScrollView";
			};
			name = Release;
		};
		F67012BC24B2AB5E00D67B0B /* Debug */ = {
			isa = XCBuildConfiguration;
			buildSettings = {
				ALWAYS_EMBED_SWIFT_STANDARD_LIBRARIES = YES;
				CODE_SIGN_STYLE = Automatic;
				INFOPLIST_FILE = attachInScrollViewUITests/Info.plist;
				LD_RUNPATH_SEARCH_PATHS = (
					"$(inherited)",
					"@executable_path/Frameworks",
					"@loader_path/Frameworks",
				);
				PRODUCT_BUNDLE_IDENTIFIER = iosth.attachInScrollViewUITests;
				PRODUCT_NAME = "$(TARGET_NAME)";
				SWIFT_VERSION = 5.0;
				TARGETED_DEVICE_FAMILY = "1,2";
				TEST_TARGET_NAME = attachInScrollView;
			};
			name = Debug;
		};
		F67012BD24B2AB5E00D67B0B /* Release */ = {
			isa = XCBuildConfiguration;
			buildSettings = {
				ALWAYS_EMBED_SWIFT_STANDARD_LIBRARIES = YES;
				CODE_SIGN_STYLE = Automatic;
				INFOPLIST_FILE = attachInScrollViewUITests/Info.plist;
				LD_RUNPATH_SEARCH_PATHS = (
					"$(inherited)",
					"@executable_path/Frameworks",
					"@loader_path/Frameworks",
				);
				PRODUCT_BUNDLE_IDENTIFIER = iosth.attachInScrollViewUITests;
				PRODUCT_NAME = "$(TARGET_NAME)";
				SWIFT_VERSION = 5.0;
				TARGETED_DEVICE_FAMILY = "1,2";
				TEST_TARGET_NAME = attachInScrollView;
			};
			name = Release;
		};
/* End XCBuildConfiguration section */

/* Begin XCConfigurationList section */
		F670128624B2AB5A00D67B0B /* Build configuration list for PBXProject "attachInScrollView" */ = {
			isa = XCConfigurationList;
			buildConfigurations = (
				F67012B324B2AB5E00D67B0B /* Debug */,
				F67012B424B2AB5E00D67B0B /* Release */,
			);
			defaultConfigurationIsVisible = 0;
			defaultConfigurationName = Release;
		};
		F67012B524B2AB5E00D67B0B /* Build configuration list for PBXNativeTarget "attachInScrollView" */ = {
			isa = XCConfigurationList;
			buildConfigurations = (
				F67012B624B2AB5E00D67B0B /* Debug */,
				F67012B724B2AB5E00D67B0B /* Release */,
			);
			defaultConfigurationIsVisible = 0;
			defaultConfigurationName = Release;
		};
		F67012B824B2AB5E00D67B0B /* Build configuration list for PBXNativeTarget "attachInScrollViewTests" */ = {
			isa = XCConfigurationList;
			buildConfigurations = (
				F67012B924B2AB5E00D67B0B /* Debug */,
				F67012BA24B2AB5E00D67B0B /* Release */,
			);
			defaultConfigurationIsVisible = 0;
			defaultConfigurationName = Release;
		};
		F67012BB24B2AB5E00D67B0B /* Build configuration list for PBXNativeTarget "attachInScrollViewUITests" */ = {
			isa = XCConfigurationList;
			buildConfigurations = (
				F67012BC24B2AB5E00D67B0B /* Debug */,
				F67012BD24B2AB5E00D67B0B /* Release */,
			);
			defaultConfigurationIsVisible = 0;
			defaultConfigurationName = Release;
		};
/* End XCConfigurationList section */
	};
	rootObject = F670128324B2AB5A00D67B0B /* Project object */;
}
